
Microsoft Visual Studio Solution File, Format Version 12.00
# Visual Studio Version 17
VisualStudioVersion = 17.3.32901.215
MinimumVisualStudioVersion = 10.0.40219.1
Project("{FAE04EC0-301F-11D3-BF4B-00C04F79EFBC}") = "LinkedListPrograms222Batch", "LinkedListPrograms222Batch\LinkedListPrograms222Batch.csproj", "{B6D4D83F-283F-45D7-9575-A85DB87F019B}"
EndProject
Global
	GlobalSection(SolutionConfigurationPlatforms) = preSolution
		Debug|Any CPU = Debug|Any CPU
		Release|Any CPU = Release|Any CPU
	EndGlobalSection
	GlobalSection(ProjectConfigurationPlatforms) = postSolution
		{B6D4D83F-283F-45D7-9575-A85DB87F019B}.Debug|Any CPU.ActiveCfg = Debug|Any CPU
		{B6D4D83F-283F-45D7-9575-A85DB87F019B}.Debug|Any CPU.Build.0 = Debug|Any CPU
		{B6D4D83F-283F-45D7-9575-A85DB87F019B}.Release|Any CPU.ActiveCfg = Release|Any CPU
		{B6D4D83F-283F-45D7-9575-A85DB87F019B}.Release|Any CPU.Build.0 = Release|Any CPU
	EndGlobalSection
	GlobalSection(SolutionProperties) = preSolution
		HideSolutionNode = FALSE
	EndGlobalSection
	GlobalSection(ExtensibilityGlobals) = postSolution
		SolutionGuid = {B2455CB7-08C1-4E3A-B8AD-BFA995B8B8C1}
	EndGlobalSection
EndGlobal
